
Microsoft Visual Studio Solution File, Format Version 12.00
# Visual Studio Version 16
VisualStudioVersion = 16.0.29911.84
MinimumVisualStudioVersion = 10.0.40219.1
Project("{FAE04EC0-301F-11D3-BF4B-00C04F79EFBC}") = "LinqTapPucMinas", "LinqTapPucMinas\LinqTapPucMinas.csproj", "{8412A1C9-76BE-45B8-BEED-6D19A2A1AB5D}"
EndProject
Global
	GlobalSection(SolutionConfigurationPlatforms) = preSolution
		Debug|Any CPU = Debug|Any CPU
		Release|Any CPU = Release|Any CPU
	EndGlobalSection
	GlobalSection(ProjectConfigurationPlatforms) = postSolution
		{8412A1C9-76BE-45B8-BEED-6D19A2A1AB5D}.Debug|Any CPU.ActiveCfg = Debug|Any CPU
		{8412A1C9-76BE-45B8-BEED-6D19A2A1AB5D}.Debug|Any CPU.Build.0 = Debug|Any CPU
		{8412A1C9-76BE-45B8-BEED-6D19A2A1AB5D}.Release|Any CPU.ActiveCfg = Release|Any CPU
		{8412A1C9-76BE-45B8-BEED-6D19A2A1AB5D}.Release|Any CPU.Build.0 = Release|Any CPU
	EndGlobalSection
	GlobalSection(SolutionProperties) = preSolution
		HideSolutionNode = FALSE
	EndGlobalSection
	GlobalSection(ExtensibilityGlobals) = postSolution
		SolutionGuid = {B26CFB40-3603-4B45-9693-45446D9A6412}
	EndGlobalSection
EndGlobal
